
Microsoft Visual Studio Solution File, Format Version 12.00
# Visual Studio Version 17
VisualStudioVersion = 17.11.35312.102
MinimumVisualStudioVersion = 10.0.40219.1
Project("{FAE04EC0-301F-11D3-BF4B-00C04F79EFBC}") = "MovieSearchLogs", "MovieSearchLogs\MovieSearchLogs.csproj", "{62085749-A9A3-46F6-9B29-2C51DAB8792D}"
EndProject
Global
	GlobalSection(SolutionConfigurationPlatforms) = preSolution
		Debug|Any CPU = Debug|Any CPU
		Release|Any CPU = Release|Any CPU
	EndGlobalSection
	GlobalSection(ProjectConfigurationPlatforms) = postSolution
		{62085749-A9A3-46F6-9B29-2C51DAB8792D}.Debug|Any CPU.ActiveCfg = Debug|Any CPU
		{62085749-A9A3-46F6-9B29-2C51DAB8792D}.Debug|Any CPU.Build.0 = Debug|Any CPU
		{62085749-A9A3-46F6-9B29-2C51DAB8792D}.Release|Any CPU.ActiveCfg = Release|Any CPU
		{62085749-A9A3-46F6-9B29-2C51DAB8792D}.Release|Any CPU.Build.0 = Release|Any CPU
	EndGlobalSection
	GlobalSection(SolutionProperties) = preSolution
		HideSolutionNode = FALSE
	EndGlobalSection
	GlobalSection(ExtensibilityGlobals) = postSolution
		SolutionGuid = {E5648316-3305-4C11-8020-3DBBD7F46666}
	EndGlobalSection
EndGlobal
